
Microsoft Visual Studio Solution File, Format Version 12.00
# Visual Studio 15
VisualStudioVersion = 15.0.27703.2042
MinimumVisualStudioVersion = 10.0.40219.1
Project("{FAE04EC0-301F-11D3-BF4B-00C04F79EFBC}") = "HelloWorld", "HelloWorld\HelloWorld.csproj", "{1541CEBF-293D-4832-979A-B627D3138933}"
EndProject
Global
	GlobalSection(SolutionConfigurationPlatforms) = preSolution
		Debug|ARM = Debug|ARM
		Debug|x64 = Debug|x64
		Debug|x86 = Debug|x86
		Release|ARM = Release|ARM
		Release|x64 = Release|x64
		Release|x86 = Release|x86
	EndGlobalSection
	GlobalSection(ProjectConfigurationPlatforms) = postSolution
		{1541CEBF-293D-4832-979A-B627D3138933}.Debug|ARM.ActiveCfg = Debug|ARM
		{1541CEBF-293D-4832-979A-B627D3138933}.Debug|ARM.Build.0 = Debug|ARM
		{1541CEBF-293D-4832-979A-B627D3138933}.Debug|ARM.Deploy.0 = Debug|ARM
		{1541CEBF-293D-4832-979A-B627D3138933}.Debug|x64.ActiveCfg = Debug|x64
		{1541CEBF-293D-4832-979A-B627D3138933}.Debug|x64.Build.0 = Debug|x64
		{1541CEBF-293D-4832-979A-B627D3138933}.Debug|x64.Deploy.0 = Debug|x64
		{1541CEBF-293D-4832-979A-B627D3138933}.Debug|x86.ActiveCfg = Debug|x86
		{1541CEBF-293D-4832-979A-B627D3138933}.Debug|x86.Build.0 = Debug|x86
		{1541CEBF-293D-4832-979A-B627D3138933}.Debug|x86.Deploy.0 = Debug|x86
		{1541CEBF-293D-4832-979A-B627D3138933}.Release|ARM.ActiveCfg = Release|ARM
		{1541CEBF-293D-4832-979A-B627D3138933}.Release|ARM.Build.0 = Release|ARM
		{1541CEBF-293D-4832-979A-B627D3138933}.Release|ARM.Deploy.0 = Release|ARM
		{1541CEBF-293D-4832-979A-B627D3138933}.Release|x64.ActiveCfg = Release|x64
		{1541CEBF-293D-4832-979A-B627D3138933}.Release|x64.Build.0 = Release|x64
		{1541CEBF-293D-4832-979A-B627D3138933}.Release|x64.Deploy.0 = Release|x64
		{1541CEBF-293D-4832-979A-B627D3138933}.Release|x86.ActiveCfg = Release|x86
		{1541CEBF-293D-4832-979A-B627D3138933}.Release|x86.Build.0 = Release|x86
		{1541CEBF-293D-4832-979A-B627D3138933}.Release|x86.Deploy.0 = Release|x86
	EndGlobalSection
	GlobalSection(SolutionProperties) = preSolution
		HideSolutionNode = FALSE
	EndGlobalSection
	GlobalSection(ExtensibilityGlobals) = postSolution
		SolutionGuid = {4C346718-5F9B-4CE8-B37D-10A245792780}
	EndGlobalSection
EndGlobal
